
Microsoft Visual Studio Solution File, Format Version 12.00
# Visual Studio Version 16
VisualStudioVersion = 16.0.31624.102
MinimumVisualStudioVersion = 10.0.40219.1
Project("{FAE04EC0-301F-11D3-BF4B-00C04F79EFBC}") = "StudentDepartmentApp", "StudentDepartmentApp.csproj", "{830E7170-D0E8-4EFD-AF83-E6BAA0962BB2}"
EndProject
Global
	GlobalSection(SolutionConfigurationPlatforms) = preSolution
		Debug|Any CPU = Debug|Any CPU
		Release|Any CPU = Release|Any CPU
	EndGlobalSection
	GlobalSection(ProjectConfigurationPlatforms) = postSolution
		{830E7170-D0E8-4EFD-AF83-E6BAA0962BB2}.Debug|Any CPU.ActiveCfg = Debug|Any CPU
		{830E7170-D0E8-4EFD-AF83-E6BAA0962BB2}.Debug|Any CPU.Build.0 = Debug|Any CPU
		{830E7170-D0E8-4EFD-AF83-E6BAA0962BB2}.Release|Any CPU.ActiveCfg = Release|Any CPU
		{830E7170-D0E8-4EFD-AF83-E6BAA0962BB2}.Release|Any CPU.Build.0 = Release|Any CPU
	EndGlobalSection
	GlobalSection(SolutionProperties) = preSolution
		HideSolutionNode = FALSE
	EndGlobalSection
	GlobalSection(ExtensibilityGlobals) = postSolution
		SolutionGuid = {62370B4E-5543-44BF-B6FC-2BBB844B6D53}
	EndGlobalSection
EndGlobal
